
Microsoft Visual Studio Solution File, Format Version 12.00
# Visual Studio 15
VisualStudioVersion = 15.0.27130.2036
MinimumVisualStudioVersion = 10.0.40219.1
Project("{FAE04EC0-301F-11D3-BF4B-00C04F79EFBC}") = "StatsApi", "DeveloperEvaluation\StatsApi.csproj", "{70DA34A4-90D4-4B40-9818-E614CC2D6215}"
EndProject
Project("{FAE04EC0-301F-11D3-BF4B-00C04F79EFBC}") = "StatsApi.Tests", "DeveloperEvaluation.Tests\StatsApi.Tests.csproj", "{491B2E14-EC19-410E-A980-FD1730D79602}"
EndProject
Global
	GlobalSection(SolutionConfigurationPlatforms) = preSolution
		Debug|Any CPU = Debug|Any CPU
		Release|Any CPU = Release|Any CPU
	EndGlobalSection
	GlobalSection(ProjectConfigurationPlatforms) = postSolution
		{70DA34A4-90D4-4B40-9818-E614CC2D6215}.Debug|Any CPU.ActiveCfg = Debug|Any CPU
		{70DA34A4-90D4-4B40-9818-E614CC2D6215}.Debug|Any CPU.Build.0 = Debug|Any CPU
		{70DA34A4-90D4-4B40-9818-E614CC2D6215}.Release|Any CPU.ActiveCfg = Release|Any CPU
		{70DA34A4-90D4-4B40-9818-E614CC2D6215}.Release|Any CPU.Build.0 = Release|Any CPU
		{491B2E14-EC19-410E-A980-FD1730D79602}.Debug|Any CPU.ActiveCfg = Debug|Any CPU
		{491B2E14-EC19-410E-A980-FD1730D79602}.Debug|Any CPU.Build.0 = Debug|Any CPU
		{491B2E14-EC19-410E-A980-FD1730D79602}.Release|Any CPU.ActiveCfg = Release|Any CPU
		{491B2E14-EC19-410E-A980-FD1730D79602}.Release|Any CPU.Build.0 = Release|Any CPU
	EndGlobalSection
	GlobalSection(SolutionProperties) = preSolution
		HideSolutionNode = FALSE
	EndGlobalSection
	GlobalSection(ExtensibilityGlobals) = postSolution
		SolutionGuid = {D0785032-B7DC-49B2-A370-A5AA95B9FCE2}
	EndGlobalSection
EndGlobal
